// !$*UTF8*$!
{
	archiveVersion = 1;
	classes = {
	};
	objectVersion = 50;
	objects = {

/* Begin PBXBuildFile section */
		71C83D85CCE260A9C7BF91C8 /* Pods_Todoey.framework in Frameworks */ = {isa = PBXBuildFile; fileRef = 747EA9899C2B65363F55A5FD /* Pods_Todoey.framework */; };
		7613AC612105E62000CB6F9C /* AppDelegate.swift in Sources */ = {isa = PBXBuildFile; fileRef = 7613AC602105E62000CB6F9C /* AppDelegate.swift */; };
		7613AC632105E62000CB6F9C /* TodoListViewController.swift in Sources */ = {isa = PBXBuildFile; fileRef = 7613AC622105E62000CB6F9C /* TodoListViewController.swift */; };
		7613AC662105E62000CB6F9C /* Main.storyboard in Resources */ = {isa = PBXBuildFile; fileRef = 7613AC642105E62000CB6F9C /* Main.storyboard */; };
		7613AC682105E62100CB6F9C /* Assets.xcassets in Resources */ = {isa = PBXBuildFile; fileRef = 7613AC672105E62100CB6F9C /* Assets.xcassets */; };
		7613AC6B2105E62100CB6F9C /* LaunchScreen.storyboard in Resources */ = {isa = PBXBuildFile; fileRef = 7613AC692105E62100CB6F9C /* LaunchScreen.storyboard */; };
		76F0BB76210B6C2F00AA63A5 /* CategoryViewController.swift in Sources */ = {isa = PBXBuildFile; fileRef = 76F0BB75210B6C2F00AA63A5 /* CategoryViewController.swift */; };
		76F0BB7A210F123100AA63A5 /* Item.swift in Sources */ = {isa = PBXBuildFile; fileRef = 76F0BB79210F123100AA63A5 /* Item.swift */; };
		76F0BB7C210F123D00AA63A5 /* Category.swift in Sources */ = {isa = PBXBuildFile; fileRef = 76F0BB7B210F123D00AA63A5 /* Category.swift */; };
/* End PBXBuildFile section */

/* Begin PBXFileReference section */
		747EA9899C2B65363F55A5FD /* Pods_Todoey.framework */ = {isa = PBXFileReference; explicitFileType = wrapper.framework; includeInIndex = 0; path = Pods_Todoey.framework; sourceTree = BUILT_PRODUCTS_DIR; };
		7613AC5D2105E62000CB6F9C /* Todoey.app */ = {isa = PBXFileReference; explicitFileType = wrapper.application; includeInIndex = 0; path = Todoey.app; sourceTree = BUILT_PRODUCTS_DIR; };
		7613AC602105E62000CB6F9C /* AppDelegate.swift */ = {isa = PBXFileReference; lastKnownFileType = sourcecode.swift; path = AppDelegate.swift; sourceTree = "<group>"; };
		7613AC622105E62000CB6F9C /* TodoListViewController.swift */ = {isa = PBXFileReference; lastKnownFileType = sourcecode.swift; path = TodoListViewController.swift; sourceTree = "<group>"; };
		7613AC652105E62000CB6F9C /* Base */ = {isa = PBXFileReference; lastKnownFileType = file.storyboard; name = Base; path = Base.lproj/Main.storyboard; sourceTree = "<group>"; };
		7613AC672105E62100CB6F9C /* Assets.xcassets */ = {isa = PBXFileReference; lastKnownFileType = folder.assetcatalog; path = Assets.xcassets; sourceTree = "<group>"; };
		7613AC6A2105E62100CB6F9C /* Base */ = {isa = PBXFileReference; lastKnownFileType = file.storyboard; name = Base; path = Base.lproj/LaunchScreen.storyboard; sourceTree = "<group>"; };
		7613AC6C2105E62100CB6F9C /* Info.plist */ = {isa = PBXFileReference; lastKnownFileType = text.plist.xml; path = Info.plist; sourceTree = "<group>"; };
		76F0BB75210B6C2F00AA63A5 /* CategoryViewController.swift */ = {isa = PBXFileReference; lastKnownFileType = sourcecode.swift; path = CategoryViewController.swift; sourceTree = "<group>"; };
		76F0BB79210F123100AA63A5 /* Item.swift */ = {isa = PBXFileReference; lastKnownFileType = sourcecode.swift; path = Item.swift; sourceTree = "<group>"; };
		76F0BB7B210F123D00AA63A5 /* Category.swift */ = {isa = PBXFileReference; lastKnownFileType = sourcecode.swift; path = Category.swift; sourceTree = "<group>"; };
		B01AA2CC455BA3408420740E /* Pods-Todoey.release.xcconfig */ = {isa = PBXFileReference; includeInIndex = 1; lastKnownFileType = text.xcconfig; name = "Pods-Todoey.release.xcconfig"; path = "Pods/Target Support Files/Pods-Todoey/Pods-Todoey.release.xcconfig"; sourceTree = "<group>"; };
		B5D801286F168EC125E43C6C /* Pods-Todoey.debug.xcconfig */ = {isa = PBXFileReference; includeInIndex = 1; lastKnownFileType = text.xcconfig; name = "Pods-Todoey.debug.xcconfig"; path = "Pods/Target Support Files/Pods-Todoey/Pods-Todoey.debug.xcconfig"; sourceTree = "<group>"; };
/* End PBXFileReference section */

/* Begin PBXFrameworksBuildPhase section */
		7613AC5A2105E62000CB6F9C /* Frameworks */ = {
			isa = PBXFrameworksBuildPhase;
			buildActionMask = 2147483647;
			files = (
				71C83D85CCE260A9C7BF91C8 /* Pods_Todoey.framework in Frameworks */,
			);
			runOnlyForDeploymentPostprocessing = 0;
		};
/* End PBXFrameworksBuildPhase section */

/* Begin PBXGroup section */
		04534BF2486607CC470890E2 /* Pods */ = {
			isa = PBXGroup;
			children = (
				B5D801286F168EC125E43C6C /* Pods-Todoey.debug.xcconfig */,
				B01AA2CC455BA3408420740E /* Pods-Todoey.release.xcconfig */,
			);
			name = Pods;
			sourceTree = "<group>";
		};
		6985C90D630081A3CD538A3C /* Frameworks */ = {
			isa = PBXGroup;
			children = (
				747EA9899C2B65363F55A5FD /* Pods_Todoey.framework */,
			);
			name = Frameworks;
			sourceTree = "<group>";
		};
		7613AC542105E62000CB6F9C = {
			isa = PBXGroup;
			children = (
				7613AC5F2105E62000CB6F9C /* Todoey */,
				7613AC5E2105E62000CB6F9C /* Products */,
				04534BF2486607CC470890E2 /* Pods */,
				6985C90D630081A3CD538A3C /* Frameworks */,
			);
			sourceTree = "<group>";
		};
		7613AC5E2105E62000CB6F9C /* Products */ = {
			isa = PBXGroup;
			children = (
				7613AC5D2105E62000CB6F9C /* Todoey.app */,
			);
			name = Products;
			sourceTree = "<group>";
		};
		7613AC5F2105E62000CB6F9C /* Todoey */ = {
			isa = PBXGroup;
			children = (
				7613AC602105E62000CB6F9C /* AppDelegate.swift */,
				7613AC7521099B3800CB6F9C /* controllers */,
				7613AC7621099B7300CB6F9C /* views */,
				7613AC7721099BD800CB6F9C /* supporting files */,
				7613AC6C2105E62100CB6F9C /* Info.plist */,
				7613AC7421099B0500CB6F9C /* models */,
			);
			path = Todoey;
			sourceTree = "<group>";
		};
		7613AC7421099B0500CB6F9C /* models */ = {
			isa = PBXGroup;
			children = (
				76F0BB79210F123100AA63A5 /* Item.swift */,
				76F0BB7B210F123D00AA63A5 /* Category.swift */,
			);
			path = models;
			sourceTree = "<group>";
		};
		7613AC7521099B3800CB6F9C /* controllers */ = {
			isa = PBXGroup;
			children = (
				7613AC622105E62000CB6F9C /* TodoListViewController.swift */,
				76F0BB75210B6C2F00AA63A5 /* CategoryViewController.swift */,
			);
			path = controllers;
			sourceTree = "<group>";
		};
		7613AC7621099B7300CB6F9C /* views */ = {
			isa = PBXGroup;
			children = (
				7613AC642105E62000CB6F9C /* Main.storyboard */,
			);
			path = views;
			sourceTree = "<group>";
		};
		7613AC7721099BD800CB6F9C /* supporting files */ = {
			isa = PBXGroup;
			children = (
				7613AC692105E62100CB6F9C /* LaunchScreen.storyboard */,
				7613AC672105E62100CB6F9C /* Assets.xcassets */,
			);
			path = "supporting files";
			sourceTree = "<group>";
		};
/* End PBXGroup section */

/* Begin PBXNativeTarget section */
		7613AC5C2105E62000CB6F9C /* Todoey */ = {
			isa = PBXNativeTarget;
			buildConfigurationList = 7613AC6F2105E62100CB6F9C /* Build configuration list for PBXNativeTarget "Todoey" */;
			buildPhases = (
				BED05F28DCAFF2284C9EC4B7 /* [CP] Check Pods Manifest.lock */,
				7613AC592105E62000CB6F9C /* Sources */,
				7613AC5A2105E62000CB6F9C /* Frameworks */,
				7613AC5B2105E62000CB6F9C /* Resources */,
				E9480FA63B942ABEA300FEB8 /* [CP] Embed Pods Frameworks */,
			);
			buildRules = (
			);
			dependencies = (
			);
			name = Todoey;
			productName = Todoey;
			productReference = 7613AC5D2105E62000CB6F9C /* Todoey.app */;
			productType = "com.apple.product-type.application";
		};
/* End PBXNativeTarget section */

/* Begin PBXProject section */
		7613AC552105E62000CB6F9C /* Project object */ = {
			isa = PBXProject;
			attributes = {
				LastSwiftUpdateCheck = 0940;
				LastUpgradeCheck = 0940;
				ORGANIZATIONNAME = "Macbook pro rétina";
				TargetAttributes = {
					7613AC5C2105E62000CB6F9C = {
						CreatedOnToolsVersion = 9.4.1;
					};
				};
			};
			buildConfigurationList = 7613AC582105E62000CB6F9C /* Build configuration list for PBXProject "Todoey" */;
			compatibilityVersion = "Xcode 9.3";
			developmentRegion = en;
			hasScannedForEncodings = 0;
			knownRegions = (
				en,
				Base,
			);
			mainGroup = 7613AC542105E62000CB6F9C;
			productRefGroup = 7613AC5E2105E62000CB6F9C /* Products */;
			projectDirPath = "";
			projectRoot = "";
			targets = (
				7613AC5C2105E62000CB6F9C /* Todoey */,
			);
		};
/* End PBXProject section */

/* Begin PBXResourcesBuildPhase section */
		7613AC5B2105E62000CB6F9C /* Resources */ = {
			isa = PBXResourcesBuildPhase;
			buildActionMask = 2147483647;
			files = (
				7613AC6B2105E62100CB6F9C /* LaunchScreen.storyboard in Resources */,
				7613AC682105E62100CB6F9C /* Assets.xcassets in Resources */,
				7613AC662105E62000CB6F9C /* Main.storyboard in Resources */,
			);
			runOnlyForDeploymentPostprocessing = 0;
		};
/* End PBXResourcesBuildPhase section */

/* Begin PBXShellScriptBuildPhase section */
		BED05F28DCAFF2284C9EC4B7 /* [CP] Check Pods Manifest.lock */ = {
			isa = PBXShellScriptBuildPhase;
			buildActionMask = 2147483647;
			files = (
			);
			inputPaths = (
				"${PODS_PODFILE_DIR_PATH}/Podfile.lock",
				"${PODS_ROOT}/Manifest.lock",
			);
			name = "[CP] Check Pods Manifest.lock";
			outputPaths = (
				"$(DERIVED_FILE_DIR)/Pods-Todoey-checkManifestLockResult.txt",
			);
			runOnlyForDeploymentPostprocessing = 0;
			shellPath = /bin/sh;
			shellScript = "diff \"${PODS_PODFILE_DIR_PATH}/Podfile.lock\" \"${PODS_ROOT}/Manifest.lock\" > /dev/null\nif [ $? != 0 ] ; then\n    # print error to STDERR\n    echo \"error: The sandbox is not in sync with the Podfile.lock. Run 'pod install' or update your CocoaPods installation.\" >&2\n    exit 1\nfi\n# This output is used by Xcode 'outputs' to avoid re-running this script phase.\necho \"SUCCESS\" > \"${SCRIPT_OUTPUT_FILE_0}\"\n";
			showEnvVarsInLog = 0;
		};
		E9480FA63B942ABEA300FEB8 /* [CP] Embed Pods Frameworks */ = {
			isa = PBXShellScriptBuildPhase;
			buildActionMask = 2147483647;
			files = (
			);
			inputPaths = (
				"${SRCROOT}/Pods/Target Support Files/Pods-Todoey/Pods-Todoey-frameworks.sh",
				"${BUILT_PRODUCTS_DIR}/Realm/Realm.framework",
				"${BUILT_PRODUCTS_DIR}/RealmSwift/RealmSwift.framework",
			);
			name = "[CP] Embed Pods Frameworks";
			outputPaths = (
				"${TARGET_BUILD_DIR}/${FRAMEWORKS_FOLDER_PATH}/Realm.framework",
				"${TARGET_BUILD_DIR}/${FRAMEWORKS_FOLDER_PATH}/RealmSwift.framework",
			);
			runOnlyForDeploymentPostprocessing = 0;
			shellPath = /bin/sh;
			shellScript = "\"${SRCROOT}/Pods/Target Support Files/Pods-Todoey/Pods-Todoey-frameworks.sh\"\n";
			showEnvVarsInLog = 0;
		};
/* End PBXShellScriptBuildPhase section */

/* Begin PBXSourcesBuildPhase section */
		7613AC592105E62000CB6F9C /* Sources */ = {
			isa = PBXSourcesBuildPhase;
			buildActionMask = 2147483647;
			files = (
				76F0BB7A210F123100AA63A5 /* Item.swift in Sources */,
				76F0BB76210B6C2F00AA63A5 /* CategoryViewController.swift in Sources */,
				7613AC632105E62000CB6F9C /* TodoListViewController.swift in Sources */,
				7613AC612105E62000CB6F9C /* AppDelegate.swift in Sources */,
				76F0BB7C210F123D00AA63A5 /* Category.swift in Sources */,
			);
			runOnlyForDeploymentPostprocessing = 0;
		};
/* End PBXSourcesBuildPhase section */

/* Begin PBXVariantGroup section */
		7613AC642105E62000CB6F9C /* Main.storyboard */ = {
			isa = PBXVariantGroup;
			children = (
				7613AC652105E62000CB6F9C /* Base */,
			);
			name = Main.storyboard;
			sourceTree = "<group>";
		};
		7613AC692105E62100CB6F9C /* LaunchScreen.storyboard */ = {
			isa = PBXVariantGroup;
			children = (
				7613AC6A2105E62100CB6F9C /* Base */,
			);
			name = LaunchScreen.storyboard;
			sourceTree = "<group>";
		};
/* End PBXVariantGroup section */

/* Begin XCBuildConfiguration section */
		7613AC6D2105E62100CB6F9C /* Debug */ = {
			isa = XCBuildConfiguration;
			buildSettings = {
				ALWAYS_SEARCH_USER_PATHS = NO;
				CLANG_ANALYZER_NONNULL = YES;
				CLANG_ANALYZER_NUMBER_OBJECT_CONVERSION = YES_AGGRESSIVE;
				CLANG_CXX_LANGUAGE_STANDARD = "gnu++14";
				CLANG_CXX_LIBRARY = "libc++";
				CLANG_ENABLE_MODULES = YES;
				CLANG_ENABLE_OBJC_ARC = YES;
				CLANG_ENABLE_OBJC_WEAK = YES;
				CLANG_WARN_BLOCK_CAPTURE_AUTORELEASING = YES;
				CLANG_WARN_BOOL_CONVERSION = YES;
				CLANG_WARN_COMMA = YES;
				CLANG_WARN_CONSTANT_CONVERSION = YES;
				CLANG_WARN_DEPRECATED_OBJC_IMPLEMENTATIONS = YES;
				CLANG_WARN_DIRECT_OBJC_ISA_USAGE = YES_ERROR;
				CLANG_WARN_DOCUMENTATION_COMMENTS = YES;
				CLANG_WARN_EMPTY_BODY = YES;
				CLANG_WARN_ENUM_CONVERSION = YES;
				CLANG_WARN_INFINITE_RECURSION = YES;
				CLANG_WARN_INT_CONVERSION = YES;
				CLANG_WARN_NON_LITERAL_NULL_CONVERSION = YES;
				CLANG_WARN_OBJC_IMPLICIT_RETAIN_SELF = YES;
				CLANG_WARN_OBJC_LITERAL_CONVERSION = YES;
				CLANG_WARN_OBJC_ROOT_CLASS = YES_ERROR;
				CLANG_WARN_RANGE_LOOP_ANALYSIS = YES;
				CLANG_WARN_STRICT_PROTOTYPES = YES;
				CLANG_WARN_SUSPICIOUS_MOVE = YES;
				CLANG_WARN_UNGUARDED_AVAILABILITY = YES_AGGRESSIVE;
				CLANG_WARN_UNREACHABLE_CODE = YES;
				CLANG_WARN__DUPLICATE_METHOD_MATCH = YES;
				CODE_SIGN_IDENTITY = "iPhone Developer";
				COPY_PHASE_STRIP = NO;
				DEBUG_INFORMATION_FORMAT = dwarf;
				ENABLE_STRICT_OBJC_MSGSEND = YES;
				ENABLE_TESTABILITY = YES;
				GCC_C_LANGUAGE_STANDARD = gnu11;
				GCC_DYNAMIC_NO_PIC = NO;
				GCC_NO_COMMON_BLOCKS = YES;
				GCC_OPTIMIZATION_LEVEL = 0;
				GCC_PREPROCESSOR_DEFINITIONS = (
					"DEBUG=1",
					"$(inherited)",
				);
				GCC_WARN_64_TO_32_BIT_CONVERSION = YES;
				GCC_WARN_ABOUT_RETURN_TYPE = YES_ERROR;
				GCC_WARN_UNDECLARED_SELECTOR = YES;
				GCC_WARN_UNINITIALIZED_AUTOS = YES_AGGRESSIVE;
				GCC_WARN_UNUSED_FUNCTION = YES;
				GCC_WARN_UNUSED_VARIABLE = YES;
				IPHONEOS_DEPLOYMENT_TARGET = 11.4;
				MTL_ENABLE_DEBUG_INFO = YES;
				ONLY_ACTIVE_ARCH = YES;
				SDKROOT = iphoneos;
				SWIFT_ACTIVE_COMPILATION_CONDITIONS = DEBUG;
				SWIFT_OPTIMIZATION_LEVEL = "-Onone";
			};
			name = Debug;
		};
		7613AC6E2105E62100CB6F9C /* Release */ = {
			isa = XCBuildConfiguration;
			buildSettings = {
				ALWAYS_SEARCH_USER_PATHS = NO;
				CLANG_ANALYZER_NONNULL = YES;
				CLANG_ANALYZER_NUMBER_OBJECT_CONVERSION = YES_AGGRESSIVE;
				CLANG_CXX_LANGUAGE_STANDARD = "gnu++14";
				CLANG_CXX_LIBRARY = "libc++";
				CLANG_ENABLE_MODULES = YES;
				CLANG_ENABLE_OBJC_ARC = YES;
				CLANG_ENABLE_OBJC_WEAK = YES;
				CLANG_WARN_BLOCK_CAPTURE_AUTORELEASING = YES;
				CLANG_WARN_BOOL_CONVERSION = YES;
				CLANG_WARN_COMMA = YES;
				CLANG_WARN_CONSTANT_CONVERSION = YES;
				CLANG_WARN_DEPRECATED_OBJC_IMPLEMENTATIONS = YES;
				CLANG_WARN_DIRECT_OBJC_ISA_USAGE = YES_ERROR;
				CLANG_WARN_DOCUMENTATION_COMMENTS = YES;
				CLANG_WARN_EMPTY_BODY = YES;
				CLANG_WARN_ENUM_CONVERSION = YES;
				CLANG_WARN_INFINITE_RECURSION = YES;
				CLANG_WARN_INT_CONVERSION = YES;
				CLANG_WARN_NON_LITERAL_NULL_CONVERSION = YES;
				CLANG_WARN_OBJC_IMPLICIT_RETAIN_SELF = YES;
				CLANG_WARN_OBJC_LITERAL_CONVERSION = YES;
				CLANG_WARN_OBJC_ROOT_CLASS = YES_ERROR;
				CLANG_WARN_RANGE_LOOP_ANALYSIS = YES;
				CLANG_WARN_STRICT_PROTOTYPES = YES;
				CLANG_WARN_SUSPICIOUS_MOVE = YES;
				CLANG_WARN_UNGUARDED_AVAILABILITY = YES_AGGRESSIVE;
				CLANG_WARN_UNREACHABLE_CODE = YES;
				CLANG_WARN__DUPLICATE_METHOD_MATCH = YES;
				CODE_SIGN_IDENTITY = "iPhone Developer";
				COPY_PHASE_STRIP = NO;
				DEBUG_INFORMATION_FORMAT = "dwarf-with-dsym";
				ENABLE_NS_ASSERTIONS = NO;
				ENABLE_STRICT_OBJC_MSGSEND = YES;
				GCC_C_LANGUAGE_STANDARD = gnu11;
				GCC_NO_COMMON_BLOCKS = YES;
				GCC_WARN_64_TO_32_BIT_CONVERSION = YES;
				GCC_WARN_ABOUT_RETURN_TYPE = YES_ERROR;
				GCC_WARN_UNDECLARED_SELECTOR = YES;
				GCC_WARN_UNINITIALIZED_AUTOS = YES_AGGRESSIVE;
				GCC_WARN_UNUSED_FUNCTION = YES;
				GCC_WARN_UNUSED_VARIABLE = YES;
				IPHONEOS_DEPLOYMENT_TARGET = 11.4;
				MTL_ENABLE_DEBUG_INFO = NO;
				SDKROOT = iphoneos;
				SWIFT_COMPILATION_MODE = wholemodule;
				SWIFT_OPTIMIZATION_LEVEL = "-O";
				VALIDATE_PRODUCT = YES;
			};
			name = Release;
		};
		7613AC702105E62100CB6F9C /* Debug */ = {
			isa = XCBuildConfiguration;
			baseConfigurationReference = B5D801286F168EC125E43C6C /* Pods-Todoey.debug.xcconfig */;
			buildSettings = {
				ASSETCATALOG_COMPILER_APPICON_NAME = AppIcon;
				CODE_SIGN_STYLE = Automatic;
				INFOPLIST_FILE = Todoey/Info.plist;
				LD_RUNPATH_SEARCH_PATHS = (
					"$(inherited)",
					"@executable_path/Frameworks",
				);
				PRODUCT_BUNDLE_IDENTIFIER = com.sadok.Todoey;
				PRODUCT_NAME = "$(TARGET_NAME)";
				SWIFT_VERSION = 4.0;
				TARGETED_DEVICE_FAMILY = "1,2";
			};
			name = Debug;
		};
		7613AC712105E62100CB6F9C /* Release */ = {
			isa = XCBuildConfiguration;
			baseConfigurationReference = B01AA2CC455BA3408420740E /* Pods-Todoey.release.xcconfig */;
			buildSettings = {
				ASSETCATALOG_COMPILER_APPICON_NAME = AppIcon;
				CODE_SIGN_STYLE = Automatic;
				INFOPLIST_FILE = Todoey/Info.plist;
				LD_RUNPATH_SEARCH_PATHS = (
					"$(inherited)",
					"@executable_path/Frameworks",
				);
				PRODUCT_BUNDLE_IDENTIFIER = com.sadok.Todoey;
				PRODUCT_NAME = "$(TARGET_NAME)";
				SWIFT_VERSION = 4.0;
				TARGETED_DEVICE_FAMILY = "1,2";
			};
			name = Release;
		};
/* End XCBuildConfiguration section */

/* Begin XCConfigurationList section */
		7613AC582105E62000CB6F9C /* Build configuration list for PBXProject "Todoey" */ = {
			isa = XCConfigurationList;
			buildConfigurations = (
				7613AC6D2105E62100CB6F9C /* Debug */,
				7613AC6E2105E62100CB6F9C /* Release */,
			);
			defaultConfigurationIsVisible = 0;
			defaultConfigurationName = Release;
		};
		7613AC6F2105E62100CB6F9C /* Build configuration list for PBXNativeTarget "Todoey" */ = {
			isa = XCConfigurationList;
			buildConfigurations = (
				7613AC702105E62100CB6F9C /* Debug */,
				7613AC712105E62100CB6F9C /* Release */,
			);
			defaultConfigurationIsVisible = 0;
			defaultConfigurationName = Release;
		};
/* End XCConfigurationList section */
	};
	rootObject = 7613AC552105E62000CB6F9C /* Project object */;
}
